
Microsoft Visual Studio Solution File, Format Version 12.00
# Visual Studio Version 16
VisualStudioVersion = 16.0.31129.286
MinimumVisualStudioVersion = 10.0.40219.1
Project("{9A19103F-16F7-4668-BE54-9A1E7A4F7556}") = "Laba1", "Laba1\Laba1.csproj", "{4BCC7D23-D03A-4B14-B570-43D8C745A4EE}"
EndProject
Global
	GlobalSection(SolutionConfigurationPlatforms) = preSolution
		Debug|Any CPU = Debug|Any CPU
		Release|Any CPU = Release|Any CPU
	EndGlobalSection
	GlobalSection(ProjectConfigurationPlatforms) = postSolution
		{4BCC7D23-D03A-4B14-B570-43D8C745A4EE}.Debug|Any CPU.ActiveCfg = Debug|Any CPU
		{4BCC7D23-D03A-4B14-B570-43D8C745A4EE}.Debug|Any CPU.Build.0 = Debug|Any CPU
		{4BCC7D23-D03A-4B14-B570-43D8C745A4EE}.Release|Any CPU.ActiveCfg = Release|Any CPU
		{4BCC7D23-D03A-4B14-B570-43D8C745A4EE}.Release|Any CPU.Build.0 = Release|Any CPU
	EndGlobalSection
	GlobalSection(SolutionProperties) = preSolution
		HideSolutionNode = FALSE
	EndGlobalSection
	GlobalSection(ExtensibilityGlobals) = postSolution
		SolutionGuid = {98DD73A4-1BAA-487A-851A-028701D4056B}
	EndGlobalSection
EndGlobal
